
Microsoft Visual Studio Solution File, Format Version 12.00
# Visual Studio Version 16
VisualStudioVersion = 16.0.30804.86
MinimumVisualStudioVersion = 10.0.40219.1
Project("{9A19103F-16F7-4668-BE54-9A1E7A4F7556}") = "Knowledge.Web.API", "src\Knowledge.Web.API\Knowledge.Web.API.csproj", "{C55CAE2F-B11D-4736-BF76-CE378708F5F1}"
EndProject
Project("{2150E333-8FDC-42A3-9474-1A3956D46DE8}") = "Solution Items", "Solution Items", "{DFC2CC92-109E-49ED-AA38-9DA2A6C27CB6}"
	ProjectSection(SolutionItems) = preProject
		README.md = README.md
	EndProjectSection
EndProject
Project("{2150E333-8FDC-42A3-9474-1A3956D46DE8}") = "Tests", "Tests", "{53E701A5-7B5E-46CF-AE3C-390554EBA949}"
EndProject
Project("{9A19103F-16F7-4668-BE54-9A1E7A4F7556}") = "Knowledge.Web.IdentityProvider.UnitTest", "test\Knowledge.Web.IdentityProvider.UnitTest\Knowledge.Web.IdentityProvider.UnitTest.csproj", "{9C16D19E-6707-4EA1-A0EB-2D1A3CD12F69}"
EndProject
Project("{9A19103F-16F7-4668-BE54-9A1E7A4F7556}") = "Knowledge.Data", "src\Knowledge.Data\Knowledge.Data.csproj", "{DAAD8FAA-FEBC-4547-AA38-891EAB40DF75}"
EndProject
Project("{9A19103F-16F7-4668-BE54-9A1E7A4F7556}") = "Knowledge.Infrastructure", "src\Knowledge.Infrastructure\Knowledge.Infrastructure.csproj", "{5B856B32-BDE0-4571-8AF8-BC0C5F69BF3E}"
EndProject
Project("{9A19103F-16F7-4668-BE54-9A1E7A4F7556}") = "Knowledge.Common", "src\Knowledge.Common\Knowledge.Common.csproj", "{7CA51257-AB3C-4B4D-87AD-DF029E1BB305}"
EndProject
Project("{9A19103F-16F7-4668-BE54-9A1E7A4F7556}") = "Knowledge.Core", "src\Knowledge.Core\Knowledge.Core.csproj", "{01944027-415C-49A6-A618-53CA8C38D7FD}"
EndProject
Project("{9A19103F-16F7-4668-BE54-9A1E7A4F7556}") = "Knowledge.Web.IdentityProvider", "src\Knowledge.Web.IdentityProvider\Knowledge.Web.IdentityProvider.csproj", "{D5F96A28-2B90-4E13-92CC-411E512EC7CE}"
EndProject
Global
	GlobalSection(SolutionConfigurationPlatforms) = preSolution
		Debug|Any CPU = Debug|Any CPU
		Release|Any CPU = Release|Any CPU
	EndGlobalSection
	GlobalSection(ProjectConfigurationPlatforms) = postSolution
		{C55CAE2F-B11D-4736-BF76-CE378708F5F1}.Debug|Any CPU.ActiveCfg = Debug|Any CPU
		{C55CAE2F-B11D-4736-BF76-CE378708F5F1}.Debug|Any CPU.Build.0 = Debug|Any CPU
		{C55CAE2F-B11D-4736-BF76-CE378708F5F1}.Release|Any CPU.ActiveCfg = Release|Any CPU
		{C55CAE2F-B11D-4736-BF76-CE378708F5F1}.Release|Any CPU.Build.0 = Release|Any CPU
		{9C16D19E-6707-4EA1-A0EB-2D1A3CD12F69}.Debug|Any CPU.ActiveCfg = Debug|Any CPU
		{9C16D19E-6707-4EA1-A0EB-2D1A3CD12F69}.Debug|Any CPU.Build.0 = Debug|Any CPU
		{9C16D19E-6707-4EA1-A0EB-2D1A3CD12F69}.Release|Any CPU.ActiveCfg = Release|Any CPU
		{9C16D19E-6707-4EA1-A0EB-2D1A3CD12F69}.Release|Any CPU.Build.0 = Release|Any CPU
		{DAAD8FAA-FEBC-4547-AA38-891EAB40DF75}.Debug|Any CPU.ActiveCfg = Debug|Any CPU
		{DAAD8FAA-FEBC-4547-AA38-891EAB40DF75}.Debug|Any CPU.Build.0 = Debug|Any CPU
		{DAAD8FAA-FEBC-4547-AA38-891EAB40DF75}.Release|Any CPU.ActiveCfg = Release|Any CPU
		{DAAD8FAA-FEBC-4547-AA38-891EAB40DF75}.Release|Any CPU.Build.0 = Release|Any CPU
		{5B856B32-BDE0-4571-8AF8-BC0C5F69BF3E}.Debug|Any CPU.ActiveCfg = Debug|Any CPU
		{5B856B32-BDE0-4571-8AF8-BC0C5F69BF3E}.Debug|Any CPU.Build.0 = Debug|Any CPU
		{5B856B32-BDE0-4571-8AF8-BC0C5F69BF3E}.Release|Any CPU.ActiveCfg = Release|Any CPU
		{5B856B32-BDE0-4571-8AF8-BC0C5F69BF3E}.Release|Any CPU.Build.0 = Release|Any CPU
		{7CA51257-AB3C-4B4D-87AD-DF029E1BB305}.Debug|Any CPU.ActiveCfg = Debug|Any CPU
		{7CA51257-AB3C-4B4D-87AD-DF029E1BB305}.Debug|Any CPU.Build.0 = Debug|Any CPU
		{7CA51257-AB3C-4B4D-87AD-DF029E1BB305}.Release|Any CPU.ActiveCfg = Release|Any CPU
		{7CA51257-AB3C-4B4D-87AD-DF029E1BB305}.Release|Any CPU.Build.0 = Release|Any CPU
		{01944027-415C-49A6-A618-53CA8C38D7FD}.Debug|Any CPU.ActiveCfg = Debug|Any CPU
		{01944027-415C-49A6-A618-53CA8C38D7FD}.Debug|Any CPU.Build.0 = Debug|Any CPU
		{01944027-415C-49A6-A618-53CA8C38D7FD}.Release|Any CPU.ActiveCfg = Release|Any CPU
		{01944027-415C-49A6-A618-53CA8C38D7FD}.Release|Any CPU.Build.0 = Release|Any CPU
		{D5F96A28-2B90-4E13-92CC-411E512EC7CE}.Debug|Any CPU.ActiveCfg = Debug|Any CPU
		{D5F96A28-2B90-4E13-92CC-411E512EC7CE}.Debug|Any CPU.Build.0 = Debug|Any CPU
		{D5F96A28-2B90-4E13-92CC-411E512EC7CE}.Release|Any CPU.ActiveCfg = Release|Any CPU
		{D5F96A28-2B90-4E13-92CC-411E512EC7CE}.Release|Any CPU.Build.0 = Release|Any CPU
	EndGlobalSection
	GlobalSection(SolutionProperties) = preSolution
		HideSolutionNode = FALSE
	EndGlobalSection
	GlobalSection(NestedProjects) = preSolution
		{9C16D19E-6707-4EA1-A0EB-2D1A3CD12F69} = {53E701A5-7B5E-46CF-AE3C-390554EBA949}
	EndGlobalSection
	GlobalSection(ExtensibilityGlobals) = postSolution
		SolutionGuid = {9BDFE2C1-4D15-4AC7-86B9-C1F20C53C06F}
	EndGlobalSection
EndGlobal
